
Microsoft Visual Studio Solution File, Format Version 12.00
# Visual Studio Version 17
VisualStudioVersion = 17.0.31903.59
MinimumVisualStudioVersion = 10.0.40219.1
Project("{FAE04EC0-301F-11D3-BF4B-00C04F79EFBC}") = "PRN222.Web", "PRN222.Web\PRN222.Web.csproj", "{D2597B05-3C0F-4220-8828-1CCE396A5F7E}"
EndProject
Project("{FAE04EC0-301F-11D3-BF4B-00C04F79EFBC}") = "PRN222.BLL", "PRN222.BLL\PRN222.BLL.csproj", "{F9C0AB7A-91E9-4E2D-BB0F-A6AB69F9C631}"
EndProject
Project("{FAE04EC0-301F-11D3-BF4B-00C04F79EFBC}") = "PRN222.DAL", "PRN222.DAL\PRN222.DAL.csproj", "{F6C91793-1778-4154-AD05-8850B0A5B64F}"
EndProject
Project("{FAE04EC0-301F-11D3-BF4B-00C04F79EFBC}") = "PRN222.Tests", "PRN222.Tests\PRN222.Tests.csproj", "{018D19FE-34D5-43BA-B550-E62C1E423726}"
EndProject
Global
	GlobalSection(SolutionConfigurationPlatforms) = preSolution
		Debug|Any CPU = Debug|Any CPU
		Debug|x64 = Debug|x64
		Debug|x86 = Debug|x86
		Release|Any CPU = Release|Any CPU
		Release|x64 = Release|x64
		Release|x86 = Release|x86
	EndGlobalSection
	GlobalSection(ProjectConfigurationPlatforms) = postSolution
		{D2597B05-3C0F-4220-8828-1CCE396A5F7E}.Debug|Any CPU.ActiveCfg = Debug|Any CPU
		{D2597B05-3C0F-4220-8828-1CCE396A5F7E}.Debug|Any CPU.Build.0 = Debug|Any CPU
		{D2597B05-3C0F-4220-8828-1CCE396A5F7E}.Debug|x64.ActiveCfg = Debug|Any CPU
		{D2597B05-3C0F-4220-8828-1CCE396A5F7E}.Debug|x64.Build.0 = Debug|Any CPU
		{D2597B05-3C0F-4220-8828-1CCE396A5F7E}.Debug|x86.ActiveCfg = Debug|Any CPU
		{D2597B05-3C0F-4220-8828-1CCE396A5F7E}.Debug|x86.Build.0 = Debug|Any CPU
		{D2597B05-3C0F-4220-8828-1CCE396A5F7E}.Release|Any CPU.ActiveCfg = Release|Any CPU
		{D2597B05-3C0F-4220-8828-1CCE396A5F7E}.Release|Any CPU.Build.0 = Release|Any CPU
		{D2597B05-3C0F-4220-8828-1CCE396A5F7E}.Release|x64.ActiveCfg = Release|Any CPU
		{D2597B05-3C0F-4220-8828-1CCE396A5F7E}.Release|x64.Build.0 = Release|Any CPU
		{D2597B05-3C0F-4220-8828-1CCE396A5F7E}.Release|x86.ActiveCfg = Release|Any CPU
		{D2597B05-3C0F-4220-8828-1CCE396A5F7E}.Release|x86.Build.0 = Release|Any CPU
		{F9C0AB7A-91E9-4E2D-BB0F-A6AB69F9C631}.Debug|Any CPU.ActiveCfg = Debug|Any CPU
		{F9C0AB7A-91E9-4E2D-BB0F-A6AB69F9C631}.Debug|Any CPU.Build.0 = Debug|Any CPU
		{F9C0AB7A-91E9-4E2D-BB0F-A6AB69F9C631}.Debug|x64.ActiveCfg = Debug|Any CPU
		{F9C0AB7A-91E9-4E2D-BB0F-A6AB69F9C631}.Debug|x64.Build.0 = Debug|Any CPU
		{F9C0AB7A-91E9-4E2D-BB0F-A6AB69F9C631}.Debug|x86.ActiveCfg = Debug|Any CPU
		{F9C0AB7A-91E9-4E2D-BB0F-A6AB69F9C631}.Debug|x86.Build.0 = Debug|Any CPU
		{F9C0AB7A-91E9-4E2D-BB0F-A6AB69F9C631}.Release|Any CPU.ActiveCfg = Release|Any CPU
		{F9C0AB7A-91E9-4E2D-BB0F-A6AB69F9C631}.Release|Any CPU.Build.0 = Release|Any CPU
		{F9C0AB7A-91E9-4E2D-BB0F-A6AB69F9C631}.Release|x64.ActiveCfg = Release|Any CPU
		{F9C0AB7A-91E9-4E2D-BB0F-A6AB69F9C631}.Release|x64.Build.0 = Release|Any CPU
		{F9C0AB7A-91E9-4E2D-BB0F-A6AB69F9C631}.Release|x86.ActiveCfg = Release|Any CPU
		{F9C0AB7A-91E9-4E2D-BB0F-A6AB69F9C631}.Release|x86.Build.0 = Release|Any CPU
		{F6C91793-1778-4154-AD05-8850B0A5B64F}.Debug|Any CPU.ActiveCfg = Debug|Any CPU
		{F6C91793-1778-4154-AD05-8850B0A5B64F}.Debug|Any CPU.Build.0 = Debug|Any CPU
		{F6C91793-1778-4154-AD05-8850B0A5B64F}.Debug|x64.ActiveCfg = Debug|Any CPU
		{F6C91793-1778-4154-AD05-8850B0A5B64F}.Debug|x64.Build.0 = Debug|Any CPU
		{F6C91793-1778-4154-AD05-8850B0A5B64F}.Debug|x86.ActiveCfg = Debug|Any CPU
		{F6C91793-1778-4154-AD05-8850B0A5B64F}.Debug|x86.Build.0 = Debug|Any CPU
		{F6C91793-1778-4154-AD05-8850B0A5B64F}.Release|Any CPU.ActiveCfg = Release|Any CPU
		{F6C91793-1778-4154-AD05-8850B0A5B64F}.Release|Any CPU.Build.0 = Release|Any CPU
		{F6C91793-1778-4154-AD05-8850B0A5B64F}.Release|x64.ActiveCfg = Release|Any CPU
		{F6C91793-1778-4154-AD05-8850B0A5B64F}.Release|x64.Build.0 = Release|Any CPU
		{F6C91793-1778-4154-AD05-8850B0A5B64F}.Release|x86.ActiveCfg = Release|Any CPU
		{F6C91793-1778-4154-AD05-8850B0A5B64F}.Release|x86.Build.0 = Release|Any CPU
		{018D19FE-34D5-43BA-B550-E62C1E423726}.Debug|Any CPU.ActiveCfg = Debug|Any CPU
		{018D19FE-34D5-43BA-B550-E62C1E423726}.Debug|Any CPU.Build.0 = Debug|Any CPU
		{018D19FE-34D5-43BA-B550-E62C1E423726}.Debug|x64.ActiveCfg = Debug|Any CPU
		{018D19FE-34D5-43BA-B550-E62C1E423726}.Debug|x64.Build.0 = Debug|Any CPU
		{018D19FE-34D5-43BA-B550-E62C1E423726}.Debug|x86.ActiveCfg = Debug|Any CPU
		{018D19FE-34D5-43BA-B550-E62C1E423726}.Debug|x86.Build.0 = Debug|Any CPU
		{018D19FE-34D5-43BA-B550-E62C1E423726}.Release|Any CPU.ActiveCfg = Release|Any CPU
		{018D19FE-34D5-43BA-B550-E62C1E423726}.Release|Any CPU.Build.0 = Release|Any CPU
		{018D19FE-34D5-43BA-B550-E62C1E423726}.Release|x64.ActiveCfg = Release|Any CPU
		{018D19FE-34D5-43BA-B550-E62C1E423726}.Release|x64.Build.0 = Release|Any CPU
		{018D19FE-34D5-43BA-B550-E62C1E423726}.Release|x86.ActiveCfg = Release|Any CPU
		{018D19FE-34D5-43BA-B550-E62C1E423726}.Release|x86.Build.0 = Release|Any CPU
	EndGlobalSection
	GlobalSection(SolutionProperties) = preSolution
		HideSolutionNode = FALSE
	EndGlobalSection
EndGlobal
